
Microsoft Visual Studio Solution File, Format Version 12.00
# Visual Studio Version 17
VisualStudioVersion = 17.9.34723.18
MinimumVisualStudioVersion = 10.0.40219.1
Project("{FAE04EC0-301F-11D3-BF4B-00C04F79EFBC}") = "DependencyInversion", "DependencyInversion\DependencyInversion.csproj", "{9E34DD76-FC19-406A-8DA9-E26743A5AF23}"
EndProject
Project("{FAE04EC0-301F-11D3-BF4B-00C04F79EFBC}") = "DependencyInversion.Tests", "DependencyInversion.Tests\DependencyInversion.Tests.csproj", "{4F36B5B3-2A4C-4A84-9ED6-AA101CFA3746}"
EndProject
Global
	GlobalSection(SolutionConfigurationPlatforms) = preSolution
		Debug|Any CPU = Debug|Any CPU
		Release|Any CPU = Release|Any CPU
	EndGlobalSection
	GlobalSection(ProjectConfigurationPlatforms) = postSolution
		{9E34DD76-FC19-406A-8DA9-E26743A5AF23}.Debug|Any CPU.ActiveCfg = Debug|Any CPU
		{9E34DD76-FC19-406A-8DA9-E26743A5AF23}.Debug|Any CPU.Build.0 = Debug|Any CPU
		{9E34DD76-FC19-406A-8DA9-E26743A5AF23}.Release|Any CPU.ActiveCfg = Release|Any CPU
		{9E34DD76-FC19-406A-8DA9-E26743A5AF23}.Release|Any CPU.Build.0 = Release|Any CPU
		{4F36B5B3-2A4C-4A84-9ED6-AA101CFA3746}.Debug|Any CPU.ActiveCfg = Debug|Any CPU
		{4F36B5B3-2A4C-4A84-9ED6-AA101CFA3746}.Debug|Any CPU.Build.0 = Debug|Any CPU
		{4F36B5B3-2A4C-4A84-9ED6-AA101CFA3746}.Release|Any CPU.ActiveCfg = Release|Any CPU
		{4F36B5B3-2A4C-4A84-9ED6-AA101CFA3746}.Release|Any CPU.Build.0 = Release|Any CPU
	EndGlobalSection
	GlobalSection(SolutionProperties) = preSolution
		HideSolutionNode = FALSE
	EndGlobalSection
	GlobalSection(ExtensibilityGlobals) = postSolution
		SolutionGuid = {F00DAB3A-AF92-4341-9CBE-5E0B7AB9BC59}
	EndGlobalSection
EndGlobal
